lockfileVersion: '9.0'

settings:
  autoInstallPeers: true
  excludeLinksFromLockfile: false

importers:

  .:
    dependencies:
      csv-parse:
        specifier: ^6.1.0
        version: 6.1.0
      dotenv:
        specifier: ^17.3.1
        version: 17.3.1
      p-limit:
        specifier: ^3.1.0
        version: 3.1.0
      playwright:
        specifier: ^1.58.2
        version: 1.58.2
      single-file-cli:
        specifier: ^2.0.83
        version: 2.0.83
    devDependencies:
      '@playwright/test':
        specifier: ^1.58.2
        version: 1.58.2

packages:

  '@playwright/test@1.58.2':
    resolution: {integrity: sha512-akea+6bHYBBfA9uQqSYmlJXn61cTa+jbO87xVLCWbTqbWadRVmhxlXATaOjOgcBaWU4ePo0wB41KMFv3o35IXA==}
    engines: {node: '>=18'}
    hasBin: true

  csv-parse@6.1.0:
    resolution: {integrity: sha512-CEE+jwpgLn+MmtCpVcPtiCZpVtB6Z2OKPTr34pycYYoL7sxdOkXDdQ4lRiw6ioC0q6BLqhc6cKweCVvral8yhw==}

  dotenv@17.3.1:
    resolution: {integrity: sha512-IO8C/dzEb6O3F9/twg6ZLXz164a2fhTnEWb95H23Dm4OuN+92NmEAlTrupP9VW6Jm3sO26tQlqyvyi4CsnY9GA==}
    engines: {node: '>=12'}

  fsevents@2.3.2:
    resolution: {integrity: sha512-xiqMQR4xAeHTuB9uWm+fFRcIOgKBMiOBP+eXiyT7jsgVCq1bkVygt00oASowB7EdtpOHaaPgKt812P9ab+DDKA==}
    engines: {node: ^8.16.0 || ^10.6.0 || >=11.0.0}
    os: [darwin]

  p-limit@3.1.0:
    resolution: {integrity: sha512-TYOanM3wGwNGsZN2cVTYPArw454xnXj5qmWF1bEoAc4+cU/ol7GVh7odevjp1FNHduHc3KZMcFduxU5Xc6uJRQ==}
    engines: {node: '>=10'}

  playwright-core@1.58.2:
    resolution: {integrity: sha512-yZkEtftgwS8CsfYo7nm0KE8jsvm6i/PTgVtB8DL726wNf6H2IMsDuxCpJj59KDaxCtSnrWan2AeDqM7JBaultg==}
    engines: {node: '>=18'}
    hasBin: true

  playwright@1.58.2:
    resolution: {integrity: sha512-vA30H8Nvkq/cPBnNw4Q8TWz1EJyqgpuinBcHET0YVJVFldr8JDNiU9LaWAE1KqSkRYazuaBhTpB5ZzShOezQ6A==}
    engines: {node: '>=18'}
    hasBin: true

  simple-cdp@1.8.6:
    resolution: {integrity: sha512-c33zKvBOOIBfdfDCr++N8Dv6kY03wD+cGuu3MEiBJHC4LtHE5aSwjw5E+dOSeuXolS+8MoDzYuWrJdT+IFp8bw==}
    engines: {bun: '>=1.0', deno: '>=1.4'}

  single-file-cli@2.0.83:
    resolution: {integrity: sha512-MGKOyvuOgdw5HT1Z5lpzgr30O0uq34Tb6+kPRAbUp2rBMvpxdr0oxn0SqVV0x1oM0g5T8JzvQpUdloOVJkZZrA==}
    engines: {bun: '>=1.0', deno: '>=1.4', node: '>=20'}
    hasBin: true

  ws@8.19.0:
    resolution: {integrity: sha512-blAT2mjOEIi0ZzruJfIhb3nps74PRWTCz1IjglWEEpQl5XS/UNama6u2/rjFkDDouqr4L67ry+1aGIALViWjDg==}
    engines: {node: '>=10.0.0'}
    peerDependencies:
      bufferutil: ^4.0.1
      utf-8-validate: '>=5.0.2'
    peerDependenciesMeta:
      bufferutil:
        optional: true
      utf-8-validate:
        optional: true

  yocto-queue@0.1.0:
    resolution: {integrity: sha512-rVksvsnNCdJ/ohGc6xgPwyN8eheCxsiLM8mxuE/t/mOVqJewPuO1miLpTHQiRgTKCLexL4MeAFVagts7HmNZ2Q==}
    engines: {node: '>=10'}

snapshots:

  '@playwright/test@1.58.2':
    dependencies:
      playwright: 1.58.2

  csv-parse@6.1.0: {}

  dotenv@17.3.1: {}

  fsevents@2.3.2:
    optional: true

  p-limit@3.1.0:
    dependencies:
      yocto-queue: 0.1.0

  playwright-core@1.58.2: {}

  playwright@1.58.2:
    dependencies:
      playwright-core: 1.58.2
    optionalDependencies:
      fsevents: 2.3.2

  simple-cdp@1.8.6: {}

  single-file-cli@2.0.83:
    dependencies:
      simple-cdp: 1.8.6
      ws: 8.19.0
    transitivePeerDependencies:
      - bufferutil
      - utf-8-validate

  ws@8.19.0: {}

  yocto-queue@0.1.0: {}
